# THIS IS AN AUTOGENERATED FILE. DO NOT EDIT THIS FILE DIRECTLY.
# yarn lockfile v1


charenc@~0.0.1:
  version "0.0.2"
  resolved "https://registry.yarnpkg.com/charenc/-/charenc-0.0.2.tgz#c0a1d2f3a7092e03774bfa83f14c0fc5790a8667"
  integrity sha1-wKHS86cJLgN3S/qD8UwPxXkKhmc=

cloudform-types@^4.1.0:
  version "4.1.0"
  resolved "https://registry.yarnpkg.com/cloudform-types/-/cloudform-types-4.1.0.tgz#7cae631f8057edb0553f3db9200cc49a6ded4386"
  integrity sha512-ieyR3+ns3TTdmfv5+1xMu7HBXlgzKfFvQV/yBWMIQXuXZvXRQkuzLVxtVailmlNcso1C8LnvMm7YaXtsw3EooQ==

crypt@~0.0.1:
  version "0.0.2"
  resolved "https://registry.yarnpkg.com/crypt/-/crypt-0.0.2.tgz#88d7ff7ec0dfb86f713dc87bbb42d044d3e6c41b"
  integrity sha1-iNf/fsDfuG9xPch7u0LQRNPmxBs=

deep-diff@^1.0.2:
  version "1.0.2"
  resolved "https://registry.yarnpkg.com/deep-diff/-/deep-diff-1.0.2.tgz#afd3d1f749115be965e89c63edc7abb1506b9c26"
  integrity sha512-aWS3UIVH+NPGCD1kki+DCU9Dua032iSsO43LqQpcs4R3+dVv7tX0qBGjiVHJHjplsoUM2XRO/KB92glqc68awg==

fs-extra@^8.1.0:
  version "8.1.0"
  resolved "https://registry.yarnpkg.com/fs-extra/-/fs-extra-8.1.0.tgz#49d43c45a88cd9677668cb7be1b46efdb8d2e1c0"
  integrity sha512-yhlQgA6mnOJUKOsRUFsgJdQCvkKhcz8tlZG5HBQfReYZy46OwLcY+Zia0mtdHsOo9y/hP+CxMN0TU9QxoOtG4g==
  dependencies:
    graceful-fs "^4.2.0"
    jsonfile "^4.0.0"
    universalify "^0.1.0"

graceful-fs@^4.1.6, graceful-fs@^4.2.0:
  version "4.2.3"
  resolved "https://registry.yarnpkg.com/graceful-fs/-/graceful-fs-4.2.3.tgz#4a12ff1b60376ef09862c2093edd908328be8423"
  integrity sha512-a30VEBm4PEdx1dRB7MFK7BejejvCvBronbLjht+sHuGYj8PHs7M/5Z+rt5lw551vZ7yfTCj4Vuyy3mSJytDWRQ==

graphql-mapping-template@4.13.1:
  version "4.13.1"
  resolved "https://registry.yarnpkg.com/graphql-mapping-template/-/graphql-mapping-template-4.13.1.tgz#338176ad42b0f7c9d67e0b7acd79172c4a34ed93"
  integrity sha512-V2q2qV4egFMhRZhGQdzalEZlki/uCtGLTANOd6fpqw+StqTco8PmwXQkaSLt14ZGB2sKfFWOPvSmlpLz60A6dg==

graphql-transformer-common@4.13.1:
  version "4.13.1"
  resolved "https://registry.yarnpkg.com/graphql-transformer-common/-/graphql-transformer-common-4.13.1.tgz#8adbb21fa13a1ffcd15d830c572e607707d476e0"
  integrity sha512-4uiVTcebIDkadR239LYQmdzJefrnOdLhFGaHt1KKz7MWe9/RIp93IqEkvNjkbxQnfRwgd4ZchgWkVGv1hd9x0g==
  dependencies:
    graphql "^14.5.8"
    graphql-mapping-template "4.13.1"
    md5 "^2.2.1"

graphql-transformer-core@^6.13.1:
  version "6.13.1"
  resolved "https://registry.yarnpkg.com/graphql-transformer-core/-/graphql-transformer-core-6.13.1.tgz#083203889192ada1bdbe399cc92e10fd70f3307d"
  integrity sha512-zkdQ0ZtDn2jE72UHak6o2+FOaIR5csYz+UHc2nzjNtSUkIA58mWGEhXkkpEA4jt+jliQ2Menb6VdRyDijGW+Eg==
  dependencies:
    cloudform-types "^4.1.0"
    deep-diff "^1.0.2"
    fs-extra "^8.1.0"
    graphql "^14.5.8"
    graphql-transformer-common "4.13.1"

graphql@^14.5.8:
  version "14.6.0"
  resolved "https://registry.yarnpkg.com/graphql/-/graphql-14.6.0.tgz#57822297111e874ea12f5cd4419616930cd83e49"
  integrity sha512-VKzfvHEKybTKjQVpTFrA5yUq2S9ihcZvfJAtsDBBCuV6wauPu1xl/f9ehgVf0FcEJJs4vz6ysb/ZMkGigQZseg==
  dependencies:
    iterall "^1.2.2"

is-buffer@~1.1.1:
  version "1.1.6"
  resolved "https://registry.yarnpkg.com/is-buffer/-/is-buffer-1.1.6.tgz#efaa2ea9daa0d7ab2ea13a97b2b8ad51fefbe8be"
  integrity sha512-NcdALwpXkTm5Zvvbk7owOUSvVvBKDgKP5/ewfXEznmQFfs4ZRmanOeKBTjRVjka3QFoN6XJ+9F3USqfHqTaU5w==

iterall@^1.2.2:
  version "1.3.0"
  resolved "https://registry.yarnpkg.com/iterall/-/iterall-1.3.0.tgz#afcb08492e2915cbd8a0884eb93a8c94d0d72fea"
  integrity sha512-QZ9qOMdF+QLHxy1QIpUHUU1D5pS2CG2P69LF6L6CPjPYA/XMOmKV3PZpawHoAjHNyB0swdVTRxdYT4tbBbxqwg==

jsonfile@^4.0.0:
  version "4.0.0"
  resolved "https://registry.yarnpkg.com/jsonfile/-/jsonfile-4.0.0.tgz#8771aae0799b64076b76640fca058f9c10e33ecb"
  integrity sha1-h3Gq4HmbZAdrdmQPygWPnBDjPss=
  optionalDependencies:
    graceful-fs "^4.1.6"

md5@^2.2.1:
  version "2.2.1"
  resolved "https://registry.yarnpkg.com/md5/-/md5-2.2.1.tgz#53ab38d5fe3c8891ba465329ea23fac0540126f9"
  integrity sha1-U6s41f48iJG6RlMp6iP6wFQBJvk=
  dependencies:
    charenc "~0.0.1"
    crypt "~0.0.1"
    is-buffer "~1.1.1"

universalify@^0.1.0:
  version "0.1.2"
  resolved "https://registry.yarnpkg.com/universalify/-/universalify-0.1.2.tgz#b646f69be3942dabcecc9d6639c80dc105efaa66"
  integrity sha512-rBJeI5CXAlmy1pV+617WB9J63U6XcazHHF2f2dbJix4XzpUF0RS3Zbj0FGIOCAva5P/d/GBOYaACQ1w+0azUkg==
